# THIS IS AN AUTOGENERATED FILE. DO NOT EDIT THIS FILE DIRECTLY.
# yarn lockfile v1


phaser-ce@^2.13.2:
  version "2.13.2"
  resolved "https://registry.yarnpkg.com/phaser-ce/-/phaser-ce-2.13.2.tgz#46a146b683948486b0ed700fbbd681f641200ff8"
  integrity sha512-CzFLDxpXxV3EShL0xHYCu+y0fgg5WIFME+ShpNpub9bn7DgGDIJwdrjkDyM8hINKEP4FRGP96HaBWyiPxTAFSA==
